
Microsoft Visual Studio Solution File, Format Version 12.00
# Visual Studio Version 16
VisualStudioVersion = 16.0.30804.86
MinimumVisualStudioVersion = 10.0.40219.1
Project("{FAE04EC0-301F-11D3-BF4B-00C04F79EFBC}") = "9ineMVCApplication", "9ineMVCApplication\9ineMVCApplication.csproj", "{BAAFEEDA-AE00-45DC-A82E-A6ED1A64164F}"
EndProject
Project("{FAE04EC0-301F-11D3-BF4B-00C04F79EFBC}") = "9ineMVCApplication.Tests", "9ineMVCApplication.Tests\9ineMVCApplication.Tests.csproj", "{435E49C3-4E51-486E-9A89-E7183CB6DC60}"
EndProject
Global
	GlobalSection(SolutionConfigurationPlatforms) = preSolution
		Debug|Any CPU = Debug|Any CPU
		Release|Any CPU = Release|Any CPU
	EndGlobalSection
	GlobalSection(ProjectConfigurationPlatforms) = postSolution
		{BAAFEEDA-AE00-45DC-A82E-A6ED1A64164F}.Debug|Any CPU.ActiveCfg = Debug|Any CPU
		{BAAFEEDA-AE00-45DC-A82E-A6ED1A64164F}.Debug|Any CPU.Build.0 = Debug|Any CPU
		{BAAFEEDA-AE00-45DC-A82E-A6ED1A64164F}.Release|Any CPU.ActiveCfg = Release|Any CPU
		{BAAFEEDA-AE00-45DC-A82E-A6ED1A64164F}.Release|Any CPU.Build.0 = Release|Any CPU
		{435E49C3-4E51-486E-9A89-E7183CB6DC60}.Debug|Any CPU.ActiveCfg = Debug|Any CPU
		{435E49C3-4E51-486E-9A89-E7183CB6DC60}.Debug|Any CPU.Build.0 = Debug|Any CPU
		{435E49C3-4E51-486E-9A89-E7183CB6DC60}.Release|Any CPU.ActiveCfg = Release|Any CPU
		{435E49C3-4E51-486E-9A89-E7183CB6DC60}.Release|Any CPU.Build.0 = Release|Any CPU
	EndGlobalSection
	GlobalSection(SolutionProperties) = preSolution
		HideSolutionNode = FALSE
	EndGlobalSection
	GlobalSection(ExtensibilityGlobals) = postSolution
		SolutionGuid = {A5B11E6F-2AD3-451E-BBB0-64396F4A9133}
	EndGlobalSection
EndGlobal
